// !$*UTF8*$!
{
	archiveVersion = 1;
	classes = {
	};
	objectVersion = 48;
	objects = {

/* Begin PBXBuildFile section */
		2E0F168D207D7FA400A559AF /* ResourcePath.mm in Sources */ = {isa = PBXBuildFile; fileRef = 2E0F168B207D7FA300A559AF /* ResourcePath.mm */; };
		2E0F16A3207FFF2600A559AF /* GameState.cpp in Sources */ = {isa = PBXBuildFile; fileRef = 2E0F16A1207FFF2600A559AF /* GameState.cpp */; };
		2E0F16A72080023E00A559AF /* EntityBase.cpp in Sources */ = {isa = PBXBuildFile; fileRef = 2E0F16A52080023E00A559AF /* EntityBase.cpp */; };
		2E0F16A920800C8400A559AF /* Player.png in Resources */ = {isa = PBXBuildFile; fileRef = 2E0F16A820800C8400A559AF /* Player.png */; };
		2E0F16AB20800DA200A559AF /* Overworld.png in Resources */ = {isa = PBXBuildFile; fileRef = 2E0F16AA20800DA200A559AF /* Overworld.png */; };
		2E0F16AE2080103000A559AF /* Animation.cpp in Sources */ = {isa = PBXBuildFile; fileRef = 2E0F16AC2080103000A559AF /* Animation.cpp */; };
		2E0F16B12081123600A559AF /* Player.cpp in Sources */ = {isa = PBXBuildFile; fileRef = 2E0F16AF2081123600A559AF /* Player.cpp */; };
		2E2C9BBC20B5978000440285 /* Scene.cpp in Sources */ = {isa = PBXBuildFile; fileRef = 2E2C9BBA20B5978000440285 /* Scene.cpp */; };
		2E2C9BBF20B597F500440285 /* SceneNode.cpp in Sources */ = {isa = PBXBuildFile; fileRef = 2E2C9BBD20B597F500440285 /* SceneNode.cpp */; };
		2E47074920A422C7007E6773 /* ResourceHolder.cpp in Sources */ = {isa = PBXBuildFile; fileRef = 2E47074720A422C7007E6773 /* ResourceHolder.cpp */; };
		2E74186E208E94B4008A89C9 /* Bg.png in Resources */ = {isa = PBXBuildFile; fileRef = 2E74186D208E94B4008A89C9 /* Bg.png */; };
		2E741870208E972E008A89C9 /* Sword.png in Resources */ = {isa = PBXBuildFile; fileRef = 2E74186F208E972E008A89C9 /* Sword.png */; };
		2E74187F208F8D4B008A89C9 /* Kwiatek.png in Resources */ = {isa = PBXBuildFile; fileRef = 2E74187E208F8D4B008A89C9 /* Kwiatek.png */; };
		2E741884208FC8FE008A89C9 /* LevelBase.cpp in Sources */ = {isa = PBXBuildFile; fileRef = 2E741882208FC8FE008A89C9 /* LevelBase.cpp */; };
		2E9F3C6B20F21DC2007D5D69 /* libBox2D.a in Frameworks */ = {isa = PBXBuildFile; fileRef = 2E9F3C6A20F21DC2007D5D69 /* libBox2D.a */; };
		2EE7A3242066723900E72A3A /* main.cpp in Sources */ = {isa = PBXBuildFile; fileRef = 2EE7A3232066723900E72A3A /* main.cpp */; };
		2EE7A3272066723900E72A3A /* cute_image.jpg in Resources */ = {isa = PBXBuildFile; fileRef = 2EE7A3262066723900E72A3A /* cute_image.jpg */; };
		2EE7A3292066723900E72A3A /* nice_music.ogg in Resources */ = {isa = PBXBuildFile; fileRef = 2EE7A3282066723900E72A3A /* nice_music.ogg */; };
		2EE7A32B2066723900E72A3A /* sansation.ttf in Resources */ = {isa = PBXBuildFile; fileRef = 2EE7A32A2066723900E72A3A /* sansation.ttf */; };
		2EE7A32D2066723900E72A3A /* icon.png in Resources */ = {isa = PBXBuildFile; fileRef = 2EE7A32C2066723900E72A3A /* icon.png */; };
		2EFBE62120BD8A370090F6BC /* Ziuziu.png in Resources */ = {isa = PBXBuildFile; fileRef = 2EFBE62020BD8A370090F6BC /* Ziuziu.png */; };
		2EFC27D5207C00EA00CD1116 /* StatesBase.cpp in Sources */ = {isa = PBXBuildFile; fileRef = 2EFC27D3207C00EA00CD1116 /* StatesBase.cpp */; };
		2EFC27D8207C033E00CD1116 /* StatesHandler.cpp in Sources */ = {isa = PBXBuildFile; fileRef = 2EFC27D6207C033E00CD1116 /* StatesHandler.cpp */; };
		2EFC27DB207C083E00CD1116 /* Core.cpp in Sources */ = {isa = PBXBuildFile; fileRef = 2EFC27D9207C083E00CD1116 /* Core.cpp */; };
		2EFC27DF207C089900CD1116 /* Window.cpp in Sources */ = {isa = PBXBuildFile; fileRef = 2EFC27DD207C089800CD1116 /* Window.cpp */; };
		2EFC27E3207C0E7000CD1116 /* MainMenuState.cpp in Sources */ = {isa = PBXBuildFile; fileRef = 2EFC27E1207C0E7000CD1116 /* MainMenuState.cpp */; };
		2EFEE8A420FAA16C00D587D0 /* standup17.png in Resources */ = {isa = PBXBuildFile; fileRef = 2EFEE8A220FAA16C00D587D0 /* standup17.png */; };
		2EFEE8A520FAA16C00D587D0 /* walk50.png in Resources */ = {isa = PBXBuildFile; fileRef = 2EFEE8A320FAA16C00D587D0 /* walk50.png */; };
		2EFEE8A720FAA19900D587D0 /* idle60.png in Resources */ = {isa = PBXBuildFile; fileRef = 2EFEE8A620FAA19800D587D0 /* idle60.png */; };
/* End PBXBuildFile section */

/* Begin PBXFileReference section */
		2E0F168B207D7FA300A559AF /* ResourcePath.mm */ = {isa = PBXFileReference; fileEncoding = 4; lastKnownFileType = sourcecode.cpp.objcpp; path = ResourcePath.mm; sourceTree = "<group>"; };
		2E0F168C207D7FA400A559AF /* ResourcePath.hpp */ = {isa = PBXFileReference; fileEncoding = 4; lastKnownFileType = sourcecode.cpp.h; path = ResourcePath.hpp; sourceTree = "<group>"; };
		2E0F16A1207FFF2600A559AF /* GameState.cpp */ = {isa = PBXFileReference; lastKnownFileType = sourcecode.cpp.cpp; path = GameState.cpp; sourceTree = "<group>"; };
		2E0F16A2207FFF2600A559AF /* GameState.hpp */ = {isa = PBXFileReference; lastKnownFileType = sourcecode.cpp.h; path = GameState.hpp; sourceTree = "<group>"; };
		2E0F16A52080023E00A559AF /* EntityBase.cpp */ = {isa = PBXFileReference; lastKnownFileType = sourcecode.cpp.cpp; path = EntityBase.cpp; sourceTree = "<group>"; };
		2E0F16A62080023E00A559AF /* EntityBase.hpp */ = {isa = PBXFileReference; lastKnownFileType = sourcecode.cpp.h; path = EntityBase.hpp; sourceTree = "<group>"; };
		2E0F16A820800C8400A559AF /* Player.png */ = {isa = PBXFileReference; lastKnownFileType = image.png; path = Player.png; sourceTree = "<group>"; };
		2E0F16AA20800DA200A559AF /* Overworld.png */ = {isa = PBXFileReference; lastKnownFileType = image.png; path = Overworld.png; sourceTree = "<group>"; };
		2E0F16AC2080103000A559AF /* Animation.cpp */ = {isa = PBXFileReference; lastKnownFileType = sourcecode.cpp.cpp; path = Animation.cpp; sourceTree = "<group>"; };
		2E0F16AD2080103000A559AF /* Animation.hpp */ = {isa = PBXFileReference; lastKnownFileType = sourcecode.cpp.h; path = Animation.hpp; sourceTree = "<group>"; };
		2E0F16AF2081123600A559AF /* Player.cpp */ = {isa = PBXFileReference; lastKnownFileType = sourcecode.cpp.cpp; path = Player.cpp; sourceTree = "<group>"; };
		2E0F16B02081123600A559AF /* Player.hpp */ = {isa = PBXFileReference; lastKnownFileType = sourcecode.cpp.h; path = Player.hpp; sourceTree = "<group>"; };
		2E2C9BBA20B5978000440285 /* Scene.cpp */ = {isa = PBXFileReference; lastKnownFileType = sourcecode.cpp.cpp; path = Scene.cpp; sourceTree = "<group>"; };
		2E2C9BBB20B5978000440285 /* Scene.hpp */ = {isa = PBXFileReference; lastKnownFileType = sourcecode.cpp.h; path = Scene.hpp; sourceTree = "<group>"; };
		2E2C9BBD20B597F500440285 /* SceneNode.cpp */ = {isa = PBXFileReference; lastKnownFileType = sourcecode.cpp.cpp; path = SceneNode.cpp; sourceTree = "<group>"; };
		2E2C9BBE20B597F500440285 /* SceneNode.hpp */ = {isa = PBXFileReference; lastKnownFileType = sourcecode.cpp.h; path = SceneNode.hpp; sourceTree = "<group>"; };
		2E47074720A422C7007E6773 /* ResourceHolder.cpp */ = {isa = PBXFileReference; lastKnownFileType = sourcecode.cpp.cpp; path = ResourceHolder.cpp; sourceTree = "<group>"; };
		2E47074820A422C7007E6773 /* ResourceHolder.hpp */ = {isa = PBXFileReference; lastKnownFileType = sourcecode.cpp.h; path = ResourceHolder.hpp; sourceTree = "<group>"; };
		2E74186D208E94B4008A89C9 /* Bg.png */ = {isa = PBXFileReference; lastKnownFileType = image.png; path = Bg.png; sourceTree = "<group>"; };
		2E74186F208E972E008A89C9 /* Sword.png */ = {isa = PBXFileReference; lastKnownFileType = image.png; path = Sword.png; sourceTree = "<group>"; };
		2E74187E208F8D4B008A89C9 /* Kwiatek.png */ = {isa = PBXFileReference; lastKnownFileType = image.png; path = Kwiatek.png; sourceTree = "<group>"; };
		2E741882208FC8FE008A89C9 /* LevelBase.cpp */ = {isa = PBXFileReference; lastKnownFileType = sourcecode.cpp.cpp; path = LevelBase.cpp; sourceTree = "<group>"; };
		2E741883208FC8FE008A89C9 /* LevelBase.hpp */ = {isa = PBXFileReference; lastKnownFileType = sourcecode.cpp.h; path = LevelBase.hpp; sourceTree = "<group>"; };
		2E9F3C6A20F21DC2007D5D69 /* libBox2D.a */ = {isa = PBXFileReference; lastKnownFileType = archive.ar; name = libBox2D.a; path = ../../../../../opt/local/lib/libBox2D.a; sourceTree = "<group>"; };
		2EE7A31B2066723900E72A3A /* RPG Engine.app */ = {isa = PBXFileReference; explicitFileType = wrapper.application; includeInIndex = 0; path = "RPG Engine.app"; sourceTree = BUILT_PRODUCTS_DIR; };
		2EE7A31F2066723900E72A3A /* RPG Engine-Info.plist */ = {isa = PBXFileReference; lastKnownFileType = text.plist.xml; path = "RPG Engine-Info.plist"; sourceTree = "<group>"; };
		2EE7A3232066723900E72A3A /* main.cpp */ = {isa = PBXFileReference; lastKnownFileType = sourcecode.cpp.cpp; path = main.cpp; sourceTree = "<group>"; };
		2EE7A3262066723900E72A3A /* cute_image.jpg */ = {isa = PBXFileReference; lastKnownFileType = image.jpeg; path = cute_image.jpg; sourceTree = "<group>"; };
		2EE7A3282066723900E72A3A /* nice_music.ogg */ = {isa = PBXFileReference; lastKnownFileType = file; path = nice_music.ogg; sourceTree = "<group>"; };
		2EE7A32A2066723900E72A3A /* sansation.ttf */ = {isa = PBXFileReference; lastKnownFileType = file; path = sansation.ttf; sourceTree = "<group>"; };
		2EE7A32C2066723900E72A3A /* icon.png */ = {isa = PBXFileReference; lastKnownFileType = image.png; path = icon.png; sourceTree = "<group>"; };
		2EFBE62020BD8A370090F6BC /* Ziuziu.png */ = {isa = PBXFileReference; lastKnownFileType = image.png; path = Ziuziu.png; sourceTree = "<group>"; };
		2EFC27D3207C00EA00CD1116 /* StatesBase.cpp */ = {isa = PBXFileReference; lastKnownFileType = sourcecode.cpp.cpp; path = StatesBase.cpp; sourceTree = "<group>"; };
		2EFC27D4207C00EA00CD1116 /* StatesBase.hpp */ = {isa = PBXFileReference; lastKnownFileType = sourcecode.cpp.h; path = StatesBase.hpp; sourceTree = "<group>"; };
		2EFC27D6207C033E00CD1116 /* StatesHandler.cpp */ = {isa = PBXFileReference; lastKnownFileType = sourcecode.cpp.cpp; path = StatesHandler.cpp; sourceTree = "<group>"; };
		2EFC27D7207C033E00CD1116 /* StatesHandler.hpp */ = {isa = PBXFileReference; lastKnownFileType = sourcecode.cpp.h; path = StatesHandler.hpp; sourceTree = "<group>"; };
		2EFC27D9207C083E00CD1116 /* Core.cpp */ = {isa = PBXFileReference; lastKnownFileType = sourcecode.cpp.cpp; path = Core.cpp; sourceTree = "<group>"; };
		2EFC27DA207C083E00CD1116 /* Core.hpp */ = {isa = PBXFileReference; lastKnownFileType = sourcecode.cpp.h; path = Core.hpp; sourceTree = "<group>"; };
		2EFC27DD207C089800CD1116 /* Window.cpp */ = {isa = PBXFileReference; lastKnownFileType = sourcecode.cpp.cpp; path = Window.cpp; sourceTree = "<group>"; };
		2EFC27DE207C089900CD1116 /* Window.hpp */ = {isa = PBXFileReference; lastKnownFileType = sourcecode.cpp.h; path = Window.hpp; sourceTree = "<group>"; };
		2EFC27E1207C0E7000CD1116 /* MainMenuState.cpp */ = {isa = PBXFileReference; lastKnownFileType = sourcecode.cpp.cpp; path = MainMenuState.cpp; sourceTree = "<group>"; };
		2EFC27E2207C0E7000CD1116 /* MainMenuState.hpp */ = {isa = PBXFileReference; lastKnownFileType = sourcecode.cpp.h; path = MainMenuState.hpp; sourceTree = "<group>"; };
		2EFEE8A220FAA16C00D587D0 /* standup17.png */ = {isa = PBXFileReference; lastKnownFileType = image.png; path = standup17.png; sourceTree = "<group>"; };
		2EFEE8A320FAA16C00D587D0 /* walk50.png */ = {isa = PBXFileReference; lastKnownFileType = image.png; path = walk50.png; sourceTree = "<group>"; };
		2EFEE8A620FAA19800D587D0 /* idle60.png */ = {isa = PBXFileReference; lastKnownFileType = image.png; path = idle60.png; sourceTree = "<group>"; };
/* End PBXFileReference section */

/* Begin PBXFrameworksBuildPhase section */
		2EE7A3172066723900E72A3A /* Frameworks */ = {
			isa = PBXFrameworksBuildPhase;
			buildActionMask = 2147483647;
			files = (
				2E9F3C6B20F21DC2007D5D69 /* libBox2D.a in Frameworks */,
			);
			runOnlyForDeploymentPostprocessing = 0;
		};
/* End PBXFrameworksBuildPhase section */

/* Begin PBXGroup section */
		2E0F16A42080022400A559AF /* Entities */ = {
			isa = PBXGroup;
			children = (
				2E0F16A52080023E00A559AF /* EntityBase.cpp */,
				2E0F16A62080023E00A559AF /* EntityBase.hpp */,
				2E0F16AF2081123600A559AF /* Player.cpp */,
				2E0F16B02081123600A559AF /* Player.hpp */,
			);
			path = Entities;
			sourceTree = "<group>";
		};
		2E47074620A42297007E6773 /* Resources */ = {
			isa = PBXGroup;
			children = (
				2E47074720A422C7007E6773 /* ResourceHolder.cpp */,
				2E47074820A422C7007E6773 /* ResourceHolder.hpp */,
			);
			path = Resources;
			sourceTree = "<group>";
		};
		2E741881208FC8E9008A89C9 /* Levels */ = {
			isa = PBXGroup;
			children = (
				2E741882208FC8FE008A89C9 /* LevelBase.cpp */,
				2E741883208FC8FE008A89C9 /* LevelBase.hpp */,
				2E2C9BBA20B5978000440285 /* Scene.cpp */,
				2E2C9BBB20B5978000440285 /* Scene.hpp */,
				2E2C9BBD20B597F500440285 /* SceneNode.cpp */,
				2E2C9BBE20B597F500440285 /* SceneNode.hpp */,
			);
			name = Levels;
			path = ..;
			sourceTree = "<group>";
		};
		2E9F3C6920F21DC1007D5D69 /* Frameworks */ = {
			isa = PBXGroup;
			children = (
				2E9F3C6A20F21DC2007D5D69 /* libBox2D.a */,
			);
			name = Frameworks;
			sourceTree = "<group>";
		};
		2EE7A3112066723900E72A3A = {
			isa = PBXGroup;
			children = (
				2EE7A31D2066723900E72A3A /* RPG Engine */,
				2EE7A31C2066723900E72A3A /* Products */,
				2E9F3C6920F21DC1007D5D69 /* Frameworks */,
			);
			sourceTree = "<group>";
		};
		2EE7A31C2066723900E72A3A /* Products */ = {
			isa = PBXGroup;
			children = (
				2EE7A31B2066723900E72A3A /* RPG Engine.app */,
			);
			name = Products;
			sourceTree = "<group>";
		};
		2EE7A31D2066723900E72A3A /* RPG Engine */ = {
			isa = PBXGroup;
			children = (
				2EE7A34320685A9000E72A3A /* Core */,
				2EE7A3232066723900E72A3A /* main.cpp */,
				2E0F168C207D7FA400A559AF /* ResourcePath.hpp */,
				2E0F168B207D7FA300A559AF /* ResourcePath.mm */,
				2EE7A3252066723900E72A3A /* Resources */,
				2EE7A31E2066723900E72A3A /* Supporting Files */,
			);
			path = "RPG Engine";
			sourceTree = "<group>";
		};
		2EE7A31E2066723900E72A3A /* Supporting Files */ = {
			isa = PBXGroup;
			children = (
				2EE7A31F2066723900E72A3A /* RPG Engine-Info.plist */,
			);
			name = "Supporting Files";
			sourceTree = "<group>";
		};
		2EE7A3252066723900E72A3A /* Resources */ = {
			isa = PBXGroup;
			children = (
				2EFEE8A220FAA16C00D587D0 /* standup17.png */,
				2EFEE8A620FAA19800D587D0 /* idle60.png */,
				2EFEE8A320FAA16C00D587D0 /* walk50.png */,
				2E74187E208F8D4B008A89C9 /* Kwiatek.png */,
				2E74186F208E972E008A89C9 /* Sword.png */,
				2EFBE62020BD8A370090F6BC /* Ziuziu.png */,
				2E74186D208E94B4008A89C9 /* Bg.png */,
				2EE7A3262066723900E72A3A /* cute_image.jpg */,
				2EE7A3282066723900E72A3A /* nice_music.ogg */,
				2EE7A32A2066723900E72A3A /* sansation.ttf */,
				2EE7A32C2066723900E72A3A /* icon.png */,
				2E0F16A820800C8400A559AF /* Player.png */,
				2E0F16AA20800DA200A559AF /* Overworld.png */,
			);
			name = Resources;
			sourceTree = "<group>";
		};
		2EE7A34320685A9000E72A3A /* Core */ = {
			isa = PBXGroup;
			children = (
				2EFC27D9207C083E00CD1116 /* Core.cpp */,
				2EFC27DA207C083E00CD1116 /* Core.hpp */,
				2E0F16A42080022400A559AF /* Entities */,
				2E741881208FC8E9008A89C9 /* Levels */,
				2E47074620A42297007E6773 /* Resources */,
				2EFC27D2207C00D400CD1116 /* States */,
				2EFC27DC207C088A00CD1116 /* Util */,
			);
			path = Core;
			sourceTree = "<group>";
		};
		2EFC27D2207C00D400CD1116 /* States */ = {
			isa = PBXGroup;
			children = (
				2E0F16A1207FFF2600A559AF /* GameState.cpp */,
				2E0F16A2207FFF2600A559AF /* GameState.hpp */,
				2EFC27E1207C0E7000CD1116 /* MainMenuState.cpp */,
				2EFC27E2207C0E7000CD1116 /* MainMenuState.hpp */,
				2EFC27D3207C00EA00CD1116 /* StatesBase.cpp */,
				2EFC27D4207C00EA00CD1116 /* StatesBase.hpp */,
				2EFC27D6207C033E00CD1116 /* StatesHandler.cpp */,
				2EFC27D7207C033E00CD1116 /* StatesHandler.hpp */,
			);
			path = States;
			sourceTree = "<group>";
		};
		2EFC27DC207C088A00CD1116 /* Util */ = {
			isa = PBXGroup;
			children = (
				2E0F16AC2080103000A559AF /* Animation.cpp */,
				2E0F16AD2080103000A559AF /* Animation.hpp */,
				2EFC27DD207C089800CD1116 /* Window.cpp */,
				2EFC27DE207C089900CD1116 /* Window.hpp */,
			);
			path = Util;
			sourceTree = "<group>";
		};
/* End PBXGroup section */

/* Begin PBXNativeTarget section */
		2EE7A31A2066723900E72A3A /* RPG Engine */ = {
			isa = PBXNativeTarget;
			buildConfigurationList = 2EE7A3302066723900E72A3A /* Build configuration list for PBXNativeTarget "RPG Engine" */;
			buildPhases = (
				2EE7A3162066723900E72A3A /* Sources */,
				2EE7A3172066723900E72A3A /* Frameworks */,
				2EE7A3182066723900E72A3A /* Resources */,
				2EE7A3192066723900E72A3A /* ShellScript */,
			);
			buildRules = (
			);
			dependencies = (
			);
			name = "RPG Engine";
			productName = "RPG Engine";
			productReference = 2EE7A31B2066723900E72A3A /* RPG Engine.app */;
			productType = "com.apple.product-type.application";
		};
/* End PBXNativeTarget section */

/* Begin PBXProject section */
		2EE7A3122066723900E72A3A /* Project object */ = {
			isa = PBXProject;
			attributes = {
				LastUpgradeCheck = 0930;
				ORGANIZATIONNAME = Ishiguro;
				TargetAttributes = {
					2EE7A31A2066723900E72A3A = {
						CreatedOnToolsVersion = 9.2;
						ProvisioningStyle = Manual;
					};
				};
			};
			buildConfigurationList = 2EE7A3152066723900E72A3A /* Build configuration list for PBXProject "RPG Engine" */;
			compatibilityVersion = "Xcode 8.0";
			developmentRegion = en;
			hasScannedForEncodings = 0;
			knownRegions = (
				en,
			);
			mainGroup = 2EE7A3112066723900E72A3A;
			productRefGroup = 2EE7A31C2066723900E72A3A /* Products */;
			projectDirPath = "";
			projectRoot = "";
			targets = (
				2EE7A31A2066723900E72A3A /* RPG Engine */,
			);
		};
/* End PBXProject section */

/* Begin PBXResourcesBuildPhase section */
		2EE7A3182066723900E72A3A /* Resources */ = {
			isa = PBXResourcesBuildPhase;
			buildActionMask = 2147483647;
			files = (
				2EFEE8A420FAA16C00D587D0 /* standup17.png in Resources */,
				2EFEE8A520FAA16C00D587D0 /* walk50.png in Resources */,
				2EE7A32D2066723900E72A3A /* icon.png in Resources */,
				2E74186E208E94B4008A89C9 /* Bg.png in Resources */,
				2EFEE8A720FAA19900D587D0 /* idle60.png in Resources */,
				2EE7A32B2066723900E72A3A /* sansation.ttf in Resources */,
				2E741870208E972E008A89C9 /* Sword.png in Resources */,
				2E74187F208F8D4B008A89C9 /* Kwiatek.png in Resources */,
				2EE7A3292066723900E72A3A /* nice_music.ogg in Resources */,
				2EE7A3272066723900E72A3A /* cute_image.jpg in Resources */,
				2E0F16AB20800DA200A559AF /* Overworld.png in Resources */,
				2EFBE62120BD8A370090F6BC /* Ziuziu.png in Resources */,
				2E0F16A920800C8400A559AF /* Player.png in Resources */,
			);
			runOnlyForDeploymentPostprocessing = 0;
		};
/* End PBXResourcesBuildPhase section */

/* Begin PBXShellScriptBuildPhase section */
		2EE7A3192066723900E72A3A /* ShellScript */ = {
			isa = PBXShellScriptBuildPhase;
			buildActionMask = 2147483647;
			files = (
			);
			inputPaths = (
			);
			outputPaths = (
			);
			runOnlyForDeploymentPostprocessing = 0;
			shellPath = /bin/sh;
			shellScript = "# This shell script simply copies required SFML dylibs/frameworks into the application bundle frameworks folder.\n# If you're using static libraries (which is not recommended) you should remove this script from your project.\n\n# SETTINGS\nCMAKE_INSTALL_FRAMEWORK_PREFIX=\"/Library/Frameworks\"\nCMAKE_INSTALL_LIB_PREFIX=\"/usr/local/lib\"\nFRAMEWORKS_FULL_PATH=\"$BUILT_PRODUCTS_DIR/$FRAMEWORKS_FOLDER_PATH/\"\n\n# Are we building a project that uses frameworks or dylibs?\ncase \"$SFML_BINARY_TYPE\" in\n    DYLIBS)\n        frameworks=\"false\"\n        ;;\n    *)\n        frameworks=\"true\"\n        ;;\nesac\n\n# Echoes to stderr\nerror () # $* message to display\n{\n    echo $* 1>&2\n    exit 2\n}\n\nassert () # $1 is a boolean, $2...N is an error message\n{\n    if [ $# -lt 2 ]\n    then\n        error \"Internal error in assert: not enough args\"\n    fi\n\n    if [ $1 -ne 0 ]\n    then\n        shift\n        error \"$*\"\n    fi\n}\n\nforce_remove () # $@ is some paths\n{\n    test $# -ge 1\n    assert $? \"force_remove() requires at least one parameter\"\n    rm -fr $@\n    assert $? \"couldn't remove $@\"\n}\n\ncopy () # $1 is a source, $2 is a destination\n{\n    test $# -eq 2\n    assert $? \"copy() requires two parameters\"\n    ditto \"$1\" \"$2\"\n    assert $? \"couldn't copy $1 to $2\"\n}\n\nrequire () # $1 is a SFML module like 'system' or 'audio'\n{\n    dest=\"$BUILT_PRODUCTS_DIR/$FRAMEWORKS_FOLDER_PATH/\"\n\n    if [ -z \"$1\" ]\n    then\n        error \"require() requires one parameter!\"\n    else\n        # clean potentially old stuff\n        force_remove \"$dest/libsfml-$1\"*\n        force_remove \"$dest/sfml-$1.framework\"\n\n        # copy SFML libraries\n        if [ \"$frameworks\" = \"true\" ]\n        then\n            source=\"$CMAKE_INSTALL_FRAMEWORK_PREFIX/sfml-$1.framework\"\n            target=\"sfml-$1.framework\"\n        elif [ \"$SFML_LINK_DYLIBS_SUFFIX\" = \"-d\" ]\n        then\n            source=\"$CMAKE_INSTALL_LIB_PREFIX/libsfml-$1-d.dylib\"\n            target=\"`readlink $source`\"\n        else\n            source=\"$CMAKE_INSTALL_LIB_PREFIX/libsfml-$1.dylib\"\n            target=\"`readlink $source`\"\n        fi\n\n        copy \"$source\" \"$dest/$target\"\n\n        # copy extra dependencies\n        if [ \"$1\" = \"audio\" ]\n        then\n            # copy \"FLAC\" \"ogg\" \"vorbis\" \"vorbisenc\" \"vorbisfile\" \"OpenAL\" frameworks too\n            for f in \"FLAC\" \"ogg\" \"vorbis\" \"vorbisenc\" \"vorbisfile\" \"OpenAL\"\n            do\n                copy \"$CMAKE_INSTALL_FRAMEWORK_PREFIX/$f.framework\" \"$dest/$f.framework\"\n            done\n        elif [ \"$1\" = \"graphics\" ]\n        then\n            copy \"$CMAKE_INSTALL_FRAMEWORK_PREFIX/freetype.framework\" \"$dest/freetype.framework\"\n        fi\n    fi\n}\n\nif [ -n \"$SFML_SYSTEM\" ]\nthen\n    require \"system\"\nfi\n\nif [ -n \"$SFML_AUDIO\" ]\nthen\n    require \"audio\"\nfi\n\nif [ -n \"$SFML_NETWORK\" ]\nthen\n    require \"network\"\nfi\n\nif [ -n \"$SFML_WINDOW\" ]\nthen\n    require \"window\"\nfi\n\nif [ -n \"$SFML_GRAPHICS\" ]\nthen\n    require \"graphics\"\nfi\n\n                ";
		};
/* End PBXShellScriptBuildPhase section */

/* Begin PBXSourcesBuildPhase section */
		2EE7A3162066723900E72A3A /* Sources */ = {
			isa = PBXSourcesBuildPhase;
			buildActionMask = 2147483647;
			files = (
				2E0F16A72080023E00A559AF /* EntityBase.cpp in Sources */,
				2EFC27D5207C00EA00CD1116 /* StatesBase.cpp in Sources */,
				2E0F16A3207FFF2600A559AF /* GameState.cpp in Sources */,
				2EFC27E3207C0E7000CD1116 /* MainMenuState.cpp in Sources */,
				2E0F16AE2080103000A559AF /* Animation.cpp in Sources */,
				2E0F16B12081123600A559AF /* Player.cpp in Sources */,
				2EFC27DF207C089900CD1116 /* Window.cpp in Sources */,
				2E2C9BBC20B5978000440285 /* Scene.cpp in Sources */,
				2EFC27D8207C033E00CD1116 /* StatesHandler.cpp in Sources */,
				2E0F168D207D7FA400A559AF /* ResourcePath.mm in Sources */,
				2E2C9BBF20B597F500440285 /* SceneNode.cpp in Sources */,
				2E47074920A422C7007E6773 /* ResourceHolder.cpp in Sources */,
				2EFC27DB207C083E00CD1116 /* Core.cpp in Sources */,
				2E741884208FC8FE008A89C9 /* LevelBase.cpp in Sources */,
				2EE7A3242066723900E72A3A /* main.cpp in Sources */,
			);
			runOnlyForDeploymentPostprocessing = 0;
		};
/* End PBXSourcesBuildPhase section */

/* Begin XCBuildConfiguration section */
		2EE7A32E2066723900E72A3A /* Debug */ = {
			isa = XCBuildConfiguration;
			buildSettings = {
				CLANG_CXX_LANGUAGE_STANDARD = "c++0x";
				CLANG_CXX_LIBRARY = "libc++";
				CLANG_WARN_BLOCK_CAPTURE_AUTORELEASING = YES;
				CLANG_WARN_BOOL_CONVERSION = YES;
				CLANG_WARN_COMMA = YES;
				CLANG_WARN_CONSTANT_CONVERSION = YES;
				CLANG_WARN_DEPRECATED_OBJC_IMPLEMENTATIONS = YES;
				CLANG_WARN_EMPTY_BODY = YES;
				CLANG_WARN_ENUM_CONVERSION = YES;
				CLANG_WARN_INFINITE_RECURSION = YES;
				CLANG_WARN_INT_CONVERSION = YES;
				CLANG_WARN_NON_LITERAL_NULL_CONVERSION = YES;
				CLANG_WARN_OBJC_IMPLICIT_RETAIN_SELF = YES;
				CLANG_WARN_OBJC_LITERAL_CONVERSION = YES;
				CLANG_WARN_RANGE_LOOP_ANALYSIS = YES;
				CLANG_WARN_STRICT_PROTOTYPES = YES;
				CLANG_WARN_SUSPICIOUS_MOVE = YES;
				CLANG_WARN_UNREACHABLE_CODE = YES;
				CLANG_WARN__DUPLICATE_METHOD_MATCH = YES;
				ENABLE_STRICT_OBJC_MSGSEND = YES;
				ENABLE_TESTABILITY = YES;
				FRAMEWORK_SEARCH_PATHS = (
					/Library/Frameworks/,
					"$(inherited)",
				);
				GCC_NO_COMMON_BLOCKS = YES;
				GCC_VERSION = com.apple.compilers.llvm.clang.1_0;
				GCC_WARN_64_TO_32_BIT_CONVERSION = YES;
				GCC_WARN_ABOUT_RETURN_TYPE = YES;
				GCC_WARN_UNDECLARED_SELECTOR = YES;
				GCC_WARN_UNINITIALIZED_AUTOS = YES;
				GCC_WARN_UNUSED_FUNCTION = YES;
				GCC_WARN_UNUSED_VARIABLE = YES;
				HEADER_SEARCH_PATHS = (
					/usr/local/include/,
					"$(inherited)",
				);
				LIBRARY_SEARCH_PATHS = (
					/usr/local/lib/,
					"$(inherited)",
				);
				MACOSX_DEPLOYMENT_TARGET = 10.7;
				ONLY_ACTIVE_ARCH = YES;
				OTHER_LDFLAGS = (
					"$(inherited)",
					"$(SFML_SYSTEM)",
					"$(SFML_WINDOW)",
					"$(SFML_GRAPHICS)",
					"$(SFML_AUDIO)",
					"$(SFML_NETWORK)",
				);
				SFML_AUDIO = "$(SFML_LINK_PREFIX) sfml-audio$(SFML_LINK_SUFFIX)";
				SFML_BINARY_TYPE = FRAMEWORKS;
				SFML_GRAPHICS = "$(SFML_LINK_PREFIX) sfml-graphics$(SFML_LINK_SUFFIX)";
				SFML_LINK_DYLIBS_PREFIX = "-l";
				SFML_LINK_DYLIBS_SUFFIX = "";
				SFML_LINK_FRAMEWORKS_PREFIX = "-framework";
				SFML_LINK_FRAMEWORKS_SUFFIX = "";
				SFML_LINK_PREFIX = "$(SFML_LINK_$(SFML_BINARY_TYPE)_PREFIX)";
				SFML_LINK_SUFFIX = "$(SFML_LINK_$(SFML_BINARY_TYPE)_SUFFIX)";
				SFML_NETWORK = "$(SFML_LINK_PREFIX) sfml-network$(SFML_LINK_SUFFIX)";
				SFML_SYSTEM = "$(SFML_LINK_PREFIX) sfml-system$(SFML_LINK_SUFFIX)";
				SFML_WINDOW = "$(SFML_LINK_PREFIX) sfml-window$(SFML_LINK_SUFFIX)";
				SUPPORTED_PLATFORMS = macosx;
			};
			name = Debug;
		};
		2EE7A32F2066723900E72A3A /* Release */ = {
			isa = XCBuildConfiguration;
			buildSettings = {
				CLANG_CXX_LANGUAGE_STANDARD = "c++0x";
				CLANG_CXX_LIBRARY = "libc++";
				CLANG_WARN_BLOCK_CAPTURE_AUTORELEASING = YES;
				CLANG_WARN_BOOL_CONVERSION = YES;
				CLANG_WARN_COMMA = YES;
				CLANG_WARN_CONSTANT_CONVERSION = YES;
				CLANG_WARN_DEPRECATED_OBJC_IMPLEMENTATIONS = YES;
				CLANG_WARN_EMPTY_BODY = YES;
				CLANG_WARN_ENUM_CONVERSION = YES;
				CLANG_WARN_INFINITE_RECURSION = YES;
				CLANG_WARN_INT_CONVERSION = YES;
				CLANG_WARN_NON_LITERAL_NULL_CONVERSION = YES;
				CLANG_WARN_OBJC_IMPLICIT_RETAIN_SELF = YES;
				CLANG_WARN_OBJC_LITERAL_CONVERSION = YES;
				CLANG_WARN_RANGE_LOOP_ANALYSIS = YES;
				CLANG_WARN_STRICT_PROTOTYPES = YES;
				CLANG_WARN_SUSPICIOUS_MOVE = YES;
				CLANG_WARN_UNREACHABLE_CODE = YES;
				CLANG_WARN__DUPLICATE_METHOD_MATCH = YES;
				ENABLE_STRICT_OBJC_MSGSEND = YES;
				FRAMEWORK_SEARCH_PATHS = (
					/Library/Frameworks/,
					"$(inherited)",
				);
				GCC_NO_COMMON_BLOCKS = YES;
				GCC_VERSION = com.apple.compilers.llvm.clang.1_0;
				GCC_WARN_64_TO_32_BIT_CONVERSION = YES;
				GCC_WARN_ABOUT_RETURN_TYPE = YES;
				GCC_WARN_UNDECLARED_SELECTOR = YES;
				GCC_WARN_UNINITIALIZED_AUTOS = YES;
				GCC_WARN_UNUSED_FUNCTION = YES;
				GCC_WARN_UNUSED_VARIABLE = YES;
				HEADER_SEARCH_PATHS = (
					/usr/local/include/,
					"$(inherited)",
				);
				LIBRARY_SEARCH_PATHS = (
					/usr/local/lib/,
					"$(inherited)",
				);
				MACOSX_DEPLOYMENT_TARGET = 10.7;
				OTHER_LDFLAGS = (
					"$(inherited)",
					"$(SFML_SYSTEM)",
					"$(SFML_WINDOW)",
					"$(SFML_GRAPHICS)",
					"$(SFML_AUDIO)",
					"$(SFML_NETWORK)",
				);
				SFML_AUDIO = "$(SFML_LINK_PREFIX) sfml-audio$(SFML_LINK_SUFFIX)";
				SFML_BINARY_TYPE = FRAMEWORKS;
				SFML_GRAPHICS = "$(SFML_LINK_PREFIX) sfml-graphics$(SFML_LINK_SUFFIX)";
				SFML_LINK_DYLIBS_PREFIX = "-l";
				SFML_LINK_DYLIBS_SUFFIX = "";
				SFML_LINK_FRAMEWORKS_PREFIX = "-framework";
				SFML_LINK_FRAMEWORKS_SUFFIX = "";
				SFML_LINK_PREFIX = "$(SFML_LINK_$(SFML_BINARY_TYPE)_PREFIX)";
				SFML_LINK_SUFFIX = "$(SFML_LINK_$(SFML_BINARY_TYPE)_SUFFIX)";
				SFML_NETWORK = "$(SFML_LINK_PREFIX) sfml-network$(SFML_LINK_SUFFIX)";
				SFML_SYSTEM = "$(SFML_LINK_PREFIX) sfml-system$(SFML_LINK_SUFFIX)";
				SFML_WINDOW = "$(SFML_LINK_PREFIX) sfml-window$(SFML_LINK_SUFFIX)";
				SUPPORTED_PLATFORMS = macosx;
			};
			name = Release;
		};
		2EE7A3312066723900E72A3A /* Debug */ = {
			isa = XCBuildConfiguration;
			buildSettings = {
				CLANG_CXX_LANGUAGE_STANDARD = "c++14";
				CLANG_ENABLE_OBJC_WEAK = YES;
				CODE_SIGN_IDENTITY = "";
				CODE_SIGN_STYLE = Manual;
				DEVELOPMENT_TEAM = DRJ524RK9D;
				INFOPLIST_FILE = "RPG Engine/RPG Engine-Info.plist";
				LD_RUNPATH_SEARCH_PATHS = "@loader_path/../Frameworks";
				LIBRARY_SEARCH_PATHS = (
					"$(inherited)",
					/opt/local/lib,
				);
				PRODUCT_BUNDLE_IDENTIFIER = "Ishi.${PRODUCT_NAME:rfc1034identifier}";
				PRODUCT_NAME = "$(TARGET_NAME)";
				PROVISIONING_PROFILE_SPECIFIER = "";
			};
			name = Debug;
		};
		2EE7A3322066723900E72A3A /* Release */ = {
			isa = XCBuildConfiguration;
			buildSettings = {
				CLANG_CXX_LANGUAGE_STANDARD = "c++14";
				CLANG_ENABLE_OBJC_WEAK = YES;
				CODE_SIGN_IDENTITY = "";
				CODE_SIGN_STYLE = Manual;
				DEVELOPMENT_TEAM = DRJ524RK9D;
				INFOPLIST_FILE = "RPG Engine/RPG Engine-Info.plist";
				LD_RUNPATH_SEARCH_PATHS = "@loader_path/../Frameworks";
				LIBRARY_SEARCH_PATHS = (
					"$(inherited)",
					/opt/local/lib,
				);
				PRODUCT_BUNDLE_IDENTIFIER = "Ishi.${PRODUCT_NAME:rfc1034identifier}";
				PRODUCT_NAME = "$(TARGET_NAME)";
				PROVISIONING_PROFILE_SPECIFIER = "";
			};
			name = Release;
		};
/* End XCBuildConfiguration section */

/* Begin XCConfigurationList section */
		2EE7A3152066723900E72A3A /* Build configuration list for PBXProject "RPG Engine" */ = {
			isa = XCConfigurationList;
			buildConfigurations = (
				2EE7A32E2066723900E72A3A /* Debug */,
				2EE7A32F2066723900E72A3A /* Release */,
			);
			defaultConfigurationIsVisible = 0;
			defaultConfigurationName = Release;
		};
		2EE7A3302066723900E72A3A /* Build configuration list for PBXNativeTarget "RPG Engine" */ = {
			isa = XCConfigurationList;
			buildConfigurations = (
				2EE7A3312066723900E72A3A /* Debug */,
				2EE7A3322066723900E72A3A /* Release */,
			);
			defaultConfigurationIsVisible = 0;
			defaultConfigurationName = Release;
		};
/* End XCConfigurationList section */
	};
	rootObject = 2EE7A3122066723900E72A3A /* Project object */;
}
